# THIS IS AN AUTOGENERATED FILE. DO NOT EDIT THIS FILE DIRECTLY.
# yarn lockfile v1


ip@^1.1.8:
  version "1.1.8"
  resolved "https://registry.yarnpkg.com/ip/-/ip-1.1.8.tgz#ae05948f6b075435ed3307acce04629da8cdbf48"
  integrity sha512-PuExPYUiu6qMBQb4l06ecm6T6ujzhmh+MeJcW9wa89PoAz5pvd4zPgN5WJV104mb6S2T1AwNIAaB70JNrLQWhg==

kafkajs@^2.2.2:
  version "2.2.2"
  resolved "https://registry.yarnpkg.com/kafkajs/-/kafkajs-2.2.2.tgz#0b605e9583ac2ac36f843ceb55c93a4f0fee3112"
  integrity sha512-9wpGLAwRVbVtSew3xwi2f2BMuYLXWhYcoYB/O7gd1JYOYuYTAEC60CeFgRQugI016MxqvOKnOOA+l1jx+4b84g==
